
Microsoft Visual Studio Solution File, Format Version 12.00
# Visual Studio Version 17
VisualStudioVersion = 17.6.33815.320
MinimumVisualStudioVersion = 10.0.40219.1
Project("{FAE04EC0-301F-11D3-BF4B-00C04F79EFBC}") = "TrialDemo", "TrialDemo\TrialDemo.csproj", "{03BE8B98-7362-44F5-A790-54895C92850D}"
EndProject
Global
	GlobalSection(SolutionConfigurationPlatforms) = preSolution
		Debug|Any CPU = Debug|Any CPU
		Release|Any CPU = Release|Any CPU
	EndGlobalSection
	GlobalSection(ProjectConfigurationPlatforms) = postSolution
		{03BE8B98-7362-44F5-A790-54895C92850D}.Debug|Any CPU.ActiveCfg = Debug|Any CPU
		{03BE8B98-7362-44F5-A790-54895C92850D}.Debug|Any CPU.Build.0 = Debug|Any CPU
		{03BE8B98-7362-44F5-A790-54895C92850D}.Release|Any CPU.ActiveCfg = Release|Any CPU
		{03BE8B98-7362-44F5-A790-54895C92850D}.Release|Any CPU.Build.0 = Release|Any CPU
	EndGlobalSection
	GlobalSection(SolutionProperties) = preSolution
		HideSolutionNode = FALSE
	EndGlobalSection
	GlobalSection(ExtensibilityGlobals) = postSolution
		SolutionGuid = {D4F33939-2887-45C2-AB0F-E36CBAB3DB52}
	EndGlobalSection
EndGlobal
